
Microsoft Visual Studio Solution File, Format Version 12.00
# Visual Studio Version 17
VisualStudioVersion = 17.9.34728.123
MinimumVisualStudioVersion = 10.0.40219.1
Project("{9A19103F-16F7-4668-BE54-9A1E7A4F7556}") = "DataAccess", "..\DataAccess\DataAccess.csproj", "{D13D65AE-DD3A-43C0-8466-A6BF5D2B56D1}"
EndProject
Project("{9A19103F-16F7-4668-BE54-9A1E7A4F7556}") = "WebApi", "WebApi.csproj", "{F0824FAF-1CBB-4BED-AFDE-DCE6C2CD70BF}"
EndProject
Project("{9A19103F-16F7-4668-BE54-9A1E7A4F7556}") = "Models", "..\Models\Models.csproj", "{CBD55CF6-F074-4638-B380-DCA52A1687E2}"
EndProject
Global
	GlobalSection(SolutionConfigurationPlatforms) = preSolution
		Debug|Any CPU = Debug|Any CPU
		Release|Any CPU = Release|Any CPU
	EndGlobalSection
	GlobalSection(ProjectConfigurationPlatforms) = postSolution
		{D13D65AE-DD3A-43C0-8466-A6BF5D2B56D1}.Debug|Any CPU.ActiveCfg = Debug|Any CPU
		{D13D65AE-DD3A-43C0-8466-A6BF5D2B56D1}.Debug|Any CPU.Build.0 = Debug|Any CPU
		{D13D65AE-DD3A-43C0-8466-A6BF5D2B56D1}.Release|Any CPU.ActiveCfg = Release|Any CPU
		{D13D65AE-DD3A-43C0-8466-A6BF5D2B56D1}.Release|Any CPU.Build.0 = Release|Any CPU
		{F0824FAF-1CBB-4BED-AFDE-DCE6C2CD70BF}.Debug|Any CPU.ActiveCfg = Debug|Any CPU
		{F0824FAF-1CBB-4BED-AFDE-DCE6C2CD70BF}.Debug|Any CPU.Build.0 = Debug|Any CPU
		{F0824FAF-1CBB-4BED-AFDE-DCE6C2CD70BF}.Release|Any CPU.ActiveCfg = Release|Any CPU
		{F0824FAF-1CBB-4BED-AFDE-DCE6C2CD70BF}.Release|Any CPU.Build.0 = Release|Any CPU
		{CBD55CF6-F074-4638-B380-DCA52A1687E2}.Debug|Any CPU.ActiveCfg = Debug|Any CPU
		{CBD55CF6-F074-4638-B380-DCA52A1687E2}.Debug|Any CPU.Build.0 = Debug|Any CPU
		{CBD55CF6-F074-4638-B380-DCA52A1687E2}.Release|Any CPU.ActiveCfg = Release|Any CPU
		{CBD55CF6-F074-4638-B380-DCA52A1687E2}.Release|Any CPU.Build.0 = Release|Any CPU
	EndGlobalSection
	GlobalSection(SolutionProperties) = preSolution
		HideSolutionNode = FALSE
	EndGlobalSection
	GlobalSection(ExtensibilityGlobals) = postSolution
		SolutionGuid = {49E35D21-6A13-4017-AEB8-92F934442A17}
	EndGlobalSection
EndGlobal
